[{<<"ranch">>,
  {git,"git://github.com/extend/ranch.git",
       {ref,"02ff6533bbbc5dae95959c4979765d532d9e0af6"}},
  2},
 {<<"cowlib">>,
  {git,"git://github.com/extend/cowlib.git",
       {ref,"14e597baa42a436469f99661ed7994685e269dc2"}},
  2},
 {<<"gun">>,
  {git,"git://github.com/extend/gun.git",
       {ref,"427230d6f94f5b8a396fd504a73d73d1d65ab0a7"}},
  1},
 {<<"shotgun">>,
  {git,"https://github.com/inaka/shotgun.git",
       {ref,"44ad0509721148d78990f88f2a985011d7833fb2"}},
  0},
 {<<"jsx">>,
  {git,"https://github.com/talentdeficit/jsx.git",
       {ref,"327f0d2875676e17ed1cdff803df62ac85fd648c"}},
  0}].
