[{<<"ranch">>,
  {git,"git://github.com/extend/ranch.git",
       {ref,"02ff6533bbbc5dae95959c4979765d532d9e0af6"}},
  2},
 {<<"goldrush">>,
  {git,"git://github.com/DeadZen/goldrush.git",
       {ref,"71e63212f12c25827e0c1b4198d37d5d018a7fec"}},
  2},
 {<<"edown">>,
  {git,"git://github.com/uwiger/edown.git",
       {ref,"d62ec85281e451a46ba30045917c119d65b72a84"}},
  2},
 {<<"cowlib">>,
  {git,"git://github.com/extend/cowlib.git",
       {ref,"14e597baa42a436469f99661ed7994685e269dc2"}},
  2},
 {<<"bear">>,
  {git,"git://github.com/boundary/bear.git",
       {ref,"119234548783af19b8ec75c879c5062676b92571"}},
  2},
 {<<"setup">>,
  {git,"git://github.com/uwiger/setup.git",
       {ref,"51ee7c9f64d2bbe9dcbb58c278e8fbfd4d0ca5e2"}},
  1},
 {<<"parse_trans">>,
  {git,"git://github.com/uwiger/parse_trans.git",
       {ref,"82cc00264aa1bad8fc5c0739b7541feb4a843432"}},
  1},
 {<<"meck">>,
  {git,"git://github.com/eproxus/meck.git",
       {ref,"dde759050eff19a1a80fd854d7375174b191665d"}},
  1},
 {<<"lager">>,
  {git,"git://github.com/basho/lager.git",
       {ref,"b6b6cebcb27ccff8acc59ae775acebc2f52e4926"}},
  1},
 {<<"gun">>,
  {git,"git://github.com/extend/gun.git",
       {ref,"427230d6f94f5b8a396fd504a73d73d1d65ab0a7"}},
  1},
 {<<"folsom">>,
  {git,"git://github.com/boundary/folsom",
       {ref,"38e2cce7c64ce1f0a3a918d90394cfc0a940b1ba"}},
  1},
 {<<"shotgun">>,
  {git,"https://github.com/inaka/shotgun.git",
       {ref,"44ad0509721148d78990f88f2a985011d7833fb2"}},
  0},
 {<<"jsx">>,
  {git,"https://github.com/talentdeficit/jsx.git",
       {ref,"327f0d2875676e17ed1cdff803df62ac85fd648c"}},
  0},
 {<<"exometer_core">>,
  {git,"https://github.com/Feuerlabs/exometer_core.git",
       {ref,"88588f26f226210a1fc9e70271d8a0611ba83d30"}},
  0}].
